
Microsoft Visual Studio Solution File, Format Version 11.00
# Visual Studio 2010
Project("{8BC9CEB8-8B4A-11D0-8D11-00A0C91BC942}") = "gaussian_bluring", "gaussian_bluring\gaussian_bluring.vcxproj", "{CEE1F1D2-EDD2-4C42-8850-42D0F6628CBD}"
EndProject
Global
	GlobalSection(SolutionConfigurationPlatforms) = preSolution
		Debug|Win32 = Debug|Win32
		Release|Win32 = Release|Win32
	EndGlobalSection
	GlobalSection(ProjectConfigurationPlatforms) = postSolution
		{CEE1F1D2-EDD2-4C42-8850-42D0F6628CBD}.Debug|Win32.ActiveCfg = Debug|Win32
		{CEE1F1D2-EDD2-4C42-8850-42D0F6628CBD}.Debug|Win32.Build.0 = Debug|Win32
		{CEE1F1D2-EDD2-4C42-8850-42D0F6628CBD}.Release|Win32.ActiveCfg = Release|Win32
		{CEE1F1D2-EDD2-4C42-8850-42D0F6628CBD}.Release|Win32.Build.0 = Release|Win32
	EndGlobalSection
	GlobalSection(SolutionProperties) = preSolution
		HideSolutionNode = FALSE
	EndGlobalSection
EndGlobal
